
Microsoft Visual Studio Solution File, Format Version 12.00
# Visual Studio Version 17
VisualStudioVersion = 17.0.31903.59
MinimumVisualStudioVersion = 10.0.40219.1
Project("{2150E333-8FDC-42A3-9474-1A3956D46DE8}") = "src", "src", "{CD4A0E8D-9718-451D-A9D3-CB25BD96A464}"
EndProject
Project("{FAE04EC0-301F-11D3-BF4B-00C04F79EFBC}") = "AuctionService", "src\AuctionService\AuctionService.csproj", "{43203562-7122-4950-836F-ED034148CB04}"
EndProject
Global
	GlobalSection(SolutionConfigurationPlatforms) = preSolution
		Debug|Any CPU = Debug|Any CPU
		Release|Any CPU = Release|Any CPU
	EndGlobalSection
	GlobalSection(ProjectConfigurationPlatforms) = postSolution
		{43203562-7122-4950-836F-ED034148CB04}.Debug|Any CPU.ActiveCfg = Debug|Any CPU
		{43203562-7122-4950-836F-ED034148CB04}.Debug|Any CPU.Build.0 = Debug|Any CPU
		{43203562-7122-4950-836F-ED034148CB04}.Release|Any CPU.ActiveCfg = Release|Any CPU
		{43203562-7122-4950-836F-ED034148CB04}.Release|Any CPU.Build.0 = Release|Any CPU
	EndGlobalSection
	GlobalSection(SolutionProperties) = preSolution
		HideSolutionNode = FALSE
	EndGlobalSection
	GlobalSection(NestedProjects) = preSolution
		{43203562-7122-4950-836F-ED034148CB04} = {CD4A0E8D-9718-451D-A9D3-CB25BD96A464}
	EndGlobalSection
EndGlobal
